
Microsoft Visual Studio Solution File, Format Version 12.00
# Visual Studio Version 17
VisualStudioVersion = 17.13.35806.99
MinimumVisualStudioVersion = 10.0.40219.1
Project("{FAE04EC0-301F-11D3-BF4B-00C04F79EFBC}") = "ShipLibrary", "ShipLibrary\ShipLibrary.csproj", "{0560D3F2-6276-451D-B93F-FA459CBF1CEB}"
EndProject
Project("{FAE04EC0-301F-11D3-BF4B-00C04F79EFBC}") = "ShowCase", "ShowCase\ShowCase.csproj", "{0E17DB24-EE81-41F0-8D0C-AEDD4C0FDAAA}"
EndProject
Project("{FAE04EC0-301F-11D3-BF4B-00C04F79EFBC}") = "ShipLibrary.Tests", "ShipLibrary.Tests\ShipLibrary.Tests.csproj", "{65C78DDD-FF5E-405B-9997-E2F68619E45C}"
EndProject
Project("{FAE04EC0-301F-11D3-BF4B-00C04F79EFBC}") = "StringLibrary", "StringLibrary\StringLibrary.csproj", "{46332A6D-79AC-46F4-BA5F-13493BCB8BB7}"
EndProject
Project("{FAE04EC0-301F-11D3-BF4B-00C04F79EFBC}") = "StringLibraryShowCase", "StringLibraryShowCase\StringLibraryShowCase.csproj", "{431F5011-62BD-45A2-A23C-E16B9C9115E3}"
EndProject
Project("{FAE04EC0-301F-11D3-BF4B-00C04F79EFBC}") = "StringLibrary.Test", "StringLibrary.Test\StringLibrary.Test.csproj", "{CFB0EFF1-4EF9-44E3-9CCF-33A1E5F72D92}"
EndProject
Global
	GlobalSection(SolutionConfigurationPlatforms) = preSolution
		Debug|Any CPU = Debug|Any CPU
		Release|Any CPU = Release|Any CPU
	EndGlobalSection
	GlobalSection(ProjectConfigurationPlatforms) = postSolution
		{0560D3F2-6276-451D-B93F-FA459CBF1CEB}.Debug|Any CPU.ActiveCfg = Debug|Any CPU
		{0560D3F2-6276-451D-B93F-FA459CBF1CEB}.Debug|Any CPU.Build.0 = Debug|Any CPU
		{0560D3F2-6276-451D-B93F-FA459CBF1CEB}.Release|Any CPU.ActiveCfg = Release|Any CPU
		{0560D3F2-6276-451D-B93F-FA459CBF1CEB}.Release|Any CPU.Build.0 = Release|Any CPU
		{0E17DB24-EE81-41F0-8D0C-AEDD4C0FDAAA}.Debug|Any CPU.ActiveCfg = Debug|Any CPU
		{0E17DB24-EE81-41F0-8D0C-AEDD4C0FDAAA}.Debug|Any CPU.Build.0 = Debug|Any CPU
		{0E17DB24-EE81-41F0-8D0C-AEDD4C0FDAAA}.Release|Any CPU.ActiveCfg = Release|Any CPU
		{0E17DB24-EE81-41F0-8D0C-AEDD4C0FDAAA}.Release|Any CPU.Build.0 = Release|Any CPU
		{65C78DDD-FF5E-405B-9997-E2F68619E45C}.Debug|Any CPU.ActiveCfg = Debug|Any CPU
		{65C78DDD-FF5E-405B-9997-E2F68619E45C}.Debug|Any CPU.Build.0 = Debug|Any CPU
		{65C78DDD-FF5E-405B-9997-E2F68619E45C}.Release|Any CPU.ActiveCfg = Release|Any CPU
		{65C78DDD-FF5E-405B-9997-E2F68619E45C}.Release|Any CPU.Build.0 = Release|Any CPU
		{46332A6D-79AC-46F4-BA5F-13493BCB8BB7}.Debug|Any CPU.ActiveCfg = Debug|Any CPU
		{46332A6D-79AC-46F4-BA5F-13493BCB8BB7}.Debug|Any CPU.Build.0 = Debug|Any CPU
		{46332A6D-79AC-46F4-BA5F-13493BCB8BB7}.Release|Any CPU.ActiveCfg = Release|Any CPU
		{46332A6D-79AC-46F4-BA5F-13493BCB8BB7}.Release|Any CPU.Build.0 = Release|Any CPU
		{431F5011-62BD-45A2-A23C-E16B9C9115E3}.Debug|Any CPU.ActiveCfg = Debug|Any CPU
		{431F5011-62BD-45A2-A23C-E16B9C9115E3}.Debug|Any CPU.Build.0 = Debug|Any CPU
		{431F5011-62BD-45A2-A23C-E16B9C9115E3}.Release|Any CPU.ActiveCfg = Release|Any CPU
		{431F5011-62BD-45A2-A23C-E16B9C9115E3}.Release|Any CPU.Build.0 = Release|Any CPU
		{CFB0EFF1-4EF9-44E3-9CCF-33A1E5F72D92}.Debug|Any CPU.ActiveCfg = Debug|Any CPU
		{CFB0EFF1-4EF9-44E3-9CCF-33A1E5F72D92}.Debug|Any CPU.Build.0 = Debug|Any CPU
		{CFB0EFF1-4EF9-44E3-9CCF-33A1E5F72D92}.Release|Any CPU.ActiveCfg = Release|Any CPU
		{CFB0EFF1-4EF9-44E3-9CCF-33A1E5F72D92}.Release|Any CPU.Build.0 = Release|Any CPU
	EndGlobalSection
	GlobalSection(SolutionProperties) = preSolution
		HideSolutionNode = FALSE
	EndGlobalSection
	GlobalSection(ExtensibilityGlobals) = postSolution
		SolutionGuid = {4D8C0CFF-539A-4824-8AC1-6872EF165C40}
	EndGlobalSection
EndGlobal
